// !$*UTF8*$!
{
	archiveVersion = 1;
	classes = {
	};
	objectVersion = 46;
	objects = {

/* Begin PBXBuildFile section */
		F844394D1BDF38890000A2A2 /* FortuneInterfaceController.swift in Sources */ = {isa = PBXBuildFile; fileRef = F844394C1BDF38890000A2A2 /* FortuneInterfaceController.swift */; };
		F8AF8A101BA5E5CC00FB0BAB /* AppDelegate.swift in Sources */ = {isa = PBXBuildFile; fileRef = F8AF8A0F1BA5E5CC00FB0BAB /* AppDelegate.swift */; };
		F8AF8A121BA5E5CC00FB0BAB /* ViewController.swift in Sources */ = {isa = PBXBuildFile; fileRef = F8AF8A111BA5E5CC00FB0BAB /* ViewController.swift */; };
		F8AF8A151BA5E5CC00FB0BAB /* Main.storyboard in Resources */ = {isa = PBXBuildFile; fileRef = F8AF8A131BA5E5CC00FB0BAB /* Main.storyboard */; };
		F8AF8A171BA5E5CC00FB0BAB /* Assets.xcassets in Resources */ = {isa = PBXBuildFile; fileRef = F8AF8A161BA5E5CC00FB0BAB /* Assets.xcassets */; };
		F8AF8A1A1BA5E5CC00FB0BAB /* LaunchScreen.storyboard in Resources */ = {isa = PBXBuildFile; fileRef = F8AF8A181BA5E5CC00FB0BAB /* LaunchScreen.storyboard */; };
		F8AF8A251BA5E5CC00FB0BAB /* FortuneCookieTests.swift in Sources */ = {isa = PBXBuildFile; fileRef = F8AF8A241BA5E5CC00FB0BAB /* FortuneCookieTests.swift */; };
		F8AF8A301BA5E5CC00FB0BAB /* FortuneCookieUITests.swift in Sources */ = {isa = PBXBuildFile; fileRef = F8AF8A2F1BA5E5CC00FB0BAB /* FortuneCookieUITests.swift */; };
		F8AF8A351BA5E5CC00FB0BAB /* FortuneCookie WatchKit App.app in Embed Watch Content */ = {isa = PBXBuildFile; fileRef = F8AF8A341BA5E5CC00FB0BAB /* FortuneCookie WatchKit App.app */; };
		F8AF8A3B1BA5E5CD00FB0BAB /* Interface.storyboard in Resources */ = {isa = PBXBuildFile; fileRef = F8AF8A391BA5E5CD00FB0BAB /* Interface.storyboard */; };
		F8AF8A3D1BA5E5CD00FB0BAB /* Assets.xcassets in Resources */ = {isa = PBXBuildFile; fileRef = F8AF8A3C1BA5E5CD00FB0BAB /* Assets.xcassets */; };
		F8AF8A441BA5E5CD00FB0BAB /* FortuneCookie WatchKit Extension.appex in Embed App Extensions */ = {isa = PBXBuildFile; fileRef = F8AF8A431BA5E5CD00FB0BAB /* FortuneCookie WatchKit Extension.appex */; settings = {ATTRIBUTES = (RemoveHeadersOnCopy, ); }; };
		F8AF8A4B1BA5E5CD00FB0BAB /* InterfaceController.swift in Sources */ = {isa = PBXBuildFile; fileRef = F8AF8A4A1BA5E5CD00FB0BAB /* InterfaceController.swift */; };
		F8AF8A4D1BA5E5CD00FB0BAB /* ExtensionDelegate.swift in Sources */ = {isa = PBXBuildFile; fileRef = F8AF8A4C1BA5E5CD00FB0BAB /* ExtensionDelegate.swift */; };
		F8AF8A4F1BA5E5CD00FB0BAB /* NotificationController.swift in Sources */ = {isa = PBXBuildFile; fileRef = F8AF8A4E1BA5E5CD00FB0BAB /* NotificationController.swift */; };
		F8AF8A511BA5E5CD00FB0BAB /* GlanceController.swift in Sources */ = {isa = PBXBuildFile; fileRef = F8AF8A501BA5E5CD00FB0BAB /* GlanceController.swift */; };
		F8AF8A531BA5E5CD00FB0BAB /* ComplicationController.swift in Sources */ = {isa = PBXBuildFile; fileRef = F8AF8A521BA5E5CD00FB0BAB /* ComplicationController.swift */; };
		F8DA7EA81BA62E5100A07409 /* FortunesModel.swift in Sources */ = {isa = PBXBuildFile; fileRef = F8DA7EA71BA62E5100A07409 /* FortunesModel.swift */; };
/* End PBXBuildFile section */

/* Begin PBXContainerItemProxy section */
		F8AF8A211BA5E5CC00FB0BAB /* PBXContainerItemProxy */ = {
			isa = PBXContainerItemProxy;
			containerPortal = F8AF8A041BA5E5CC00FB0BAB /* Project object */;
			proxyType = 1;
			remoteGlobalIDString = F8AF8A0B1BA5E5CC00FB0BAB;
			remoteInfo = FortuneCookie;
		};
		F8AF8A2C1BA5E5CC00FB0BAB /* PBXContainerItemProxy */ = {
			isa = PBXContainerItemProxy;
			containerPortal = F8AF8A041BA5E5CC00FB0BAB /* Project object */;
			proxyType = 1;
			remoteGlobalIDString = F8AF8A0B1BA5E5CC00FB0BAB;
			remoteInfo = FortuneCookie;
		};
		F8AF8A361BA5E5CC00FB0BAB /* PBXContainerItemProxy */ = {
			isa = PBXContainerItemProxy;
			containerPortal = F8AF8A041BA5E5CC00FB0BAB /* Project object */;
			proxyType = 1;
			remoteGlobalIDString = F8AF8A331BA5E5CC00FB0BAB;
			remoteInfo = "FortuneCookie WatchKit App";
		};
		F8AF8A451BA5E5CD00FB0BAB /* PBXContainerItemProxy */ = {
			isa = PBXContainerItemProxy;
			containerPortal = F8AF8A041BA5E5CC00FB0BAB /* Project object */;
			proxyType = 1;
			remoteGlobalIDString = F8AF8A421BA5E5CD00FB0BAB;
			remoteInfo = "FortuneCookie WatchKit Extension";
		};
/* End PBXContainerItemProxy section */

/* Begin PBXCopyFilesBuildPhase section */
		F8AF8A5C1BA5E5CD00FB0BAB /* Embed App Extensions */ = {
			isa = PBXCopyFilesBuildPhase;
			buildActionMask = 2147483647;
			dstPath = "";
			dstSubfolderSpec = 13;
			files = (
				F8AF8A441BA5E5CD00FB0BAB /* FortuneCookie WatchKit Extension.appex in Embed App Extensions */,
			);
			name = "Embed App Extensions";
			runOnlyForDeploymentPostprocessing = 0;
		};
		F8AF8A601BA5E5CD00FB0BAB /* Embed Watch Content */ = {
			isa = PBXCopyFilesBuildPhase;
			buildActionMask = 2147483647;
			dstPath = "$(CONTENTS_FOLDER_PATH)/Watch";
			dstSubfolderSpec = 16;
			files = (
				F8AF8A351BA5E5CC00FB0BAB /* FortuneCookie WatchKit App.app in Embed Watch Content */,
			);
			name = "Embed Watch Content";
			runOnlyForDeploymentPostprocessing = 0;
		};
/* End PBXCopyFilesBuildPhase section */

/* Begin PBXFileReference section */
		F844394C1BDF38890000A2A2 /* FortuneInterfaceController.swift */ = {isa = PBXFileReference; fileEncoding = 4; lastKnownFileType = sourcecode.swift; path = FortuneInterfaceController.swift; sourceTree = "<group>"; };
		F86929431BE6DD1400F5A221 /* FortuneCookie.entitlements */ = {isa = PBXFileReference; lastKnownFileType = text.xml; path = FortuneCookie.entitlements; sourceTree = "<group>"; };
		F8AF8A0C1BA5E5CC00FB0BAB /* FortuneCookie.app */ = {isa = PBXFileReference; explicitFileType = wrapper.application; includeInIndex = 0; path = FortuneCookie.app; sourceTree = BUILT_PRODUCTS_DIR; };
		F8AF8A0F1BA5E5CC00FB0BAB /* AppDelegate.swift */ = {isa = PBXFileReference; lastKnownFileType = sourcecode.swift; path = AppDelegate.swift; sourceTree = "<group>"; };
		F8AF8A111BA5E5CC00FB0BAB /* ViewController.swift */ = {isa = PBXFileReference; lastKnownFileType = sourcecode.swift; path = ViewController.swift; sourceTree = "<group>"; };
		F8AF8A141BA5E5CC00FB0BAB /* Base */ = {isa = PBXFileReference; lastKnownFileType = file.storyboard; name = Base; path = Base.lproj/Main.storyboard; sourceTree = "<group>"; };
		F8AF8A161BA5E5CC00FB0BAB /* Assets.xcassets */ = {isa = PBXFileReference; lastKnownFileType = folder.assetcatalog; path = Assets.xcassets; sourceTree = "<group>"; };
		F8AF8A191BA5E5CC00FB0BAB /* Base */ = {isa = PBXFileReference; lastKnownFileType = file.storyboard; name = Base; path = Base.lproj/LaunchScreen.storyboard; sourceTree = "<group>"; };
		F8AF8A1B1BA5E5CC00FB0BAB /* Info.plist */ = {isa = PBXFileReference; lastKnownFileType = text.plist.xml; path = Info.plist; sourceTree = "<group>"; };
		F8AF8A201BA5E5CC00FB0BAB /* FortuneCookieTests.xctest */ = {isa = PBXFileReference; explicitFileType = wrapper.cfbundle; includeInIndex = 0; path = FortuneCookieTests.xctest; sourceTree = BUILT_PRODUCTS_DIR; };
		F8AF8A241BA5E5CC00FB0BAB /* FortuneCookieTests.swift */ = {isa = PBXFileReference; lastKnownFileType = sourcecode.swift; path = FortuneCookieTests.swift; sourceTree = "<group>"; };
		F8AF8A261BA5E5CC00FB0BAB /* Info.plist */ = {isa = PBXFileReference; lastKnownFileType = text.plist.xml; path = Info.plist; sourceTree = "<group>"; };
		F8AF8A2B1BA5E5CC00FB0BAB /* FortuneCookieUITests.xctest */ = {isa = PBXFileReference; explicitFileType = wrapper.cfbundle; includeInIndex = 0; path = FortuneCookieUITests.xctest; sourceTree = BUILT_PRODUCTS_DIR; };
		F8AF8A2F1BA5E5CC00FB0BAB /* FortuneCookieUITests.swift */ = {isa = PBXFileReference; lastKnownFileType = sourcecode.swift; path = FortuneCookieUITests.swift; sourceTree = "<group>"; };
		F8AF8A311BA5E5CC00FB0BAB /* Info.plist */ = {isa = PBXFileReference; lastKnownFileType = text.plist.xml; path = Info.plist; sourceTree = "<group>"; };
		F8AF8A341BA5E5CC00FB0BAB /* FortuneCookie WatchKit App.app */ = {isa = PBXFileReference; explicitFileType = wrapper.application; includeInIndex = 0; path = "FortuneCookie WatchKit App.app"; sourceTree = BUILT_PRODUCTS_DIR; };
		F8AF8A3A1BA5E5CD00FB0BAB /* Base */ = {isa = PBXFileReference; lastKnownFileType = file.storyboard; name = Base; path = Base.lproj/Interface.storyboard; sourceTree = "<group>"; };
		F8AF8A3C1BA5E5CD00FB0BAB /* Assets.xcassets */ = {isa = PBXFileReference; lastKnownFileType = folder.assetcatalog; path = Assets.xcassets; sourceTree = "<group>"; };
		F8AF8A3E1BA5E5CD00FB0BAB /* Info.plist */ = {isa = PBXFileReference; lastKnownFileType = text.plist.xml; path = Info.plist; sourceTree = "<group>"; };
		F8AF8A431BA5E5CD00FB0BAB /* FortuneCookie WatchKit Extension.appex */ = {isa = PBXFileReference; explicitFileType = "wrapper.app-extension"; includeInIndex = 0; path = "FortuneCookie WatchKit Extension.appex"; sourceTree = BUILT_PRODUCTS_DIR; };
		F8AF8A491BA5E5CD00FB0BAB /* PushNotificationPayload.apns */ = {isa = PBXFileReference; lastKnownFileType = text; path = PushNotificationPayload.apns; sourceTree = "<group>"; };
		F8AF8A4A1BA5E5CD00FB0BAB /* InterfaceController.swift */ = {isa = PBXFileReference; lastKnownFileType = sourcecode.swift; path = InterfaceController.swift; sourceTree = "<group>"; };
		F8AF8A4C1BA5E5CD00FB0BAB /* ExtensionDelegate.swift */ = {isa = PBXFileReference; lastKnownFileType = sourcecode.swift; path = ExtensionDelegate.swift; sourceTree = "<group>"; };
		F8AF8A4E1BA5E5CD00FB0BAB /* NotificationController.swift */ = {isa = PBXFileReference; lastKnownFileType = sourcecode.swift; path = NotificationController.swift; sourceTree = "<group>"; };
		F8AF8A501BA5E5CD00FB0BAB /* GlanceController.swift */ = {isa = PBXFileReference; lastKnownFileType = sourcecode.swift; path = GlanceController.swift; sourceTree = "<group>"; };
		F8AF8A521BA5E5CD00FB0BAB /* ComplicationController.swift */ = {isa = PBXFileReference; lastKnownFileType = sourcecode.swift; path = ComplicationController.swift; sourceTree = "<group>"; };
		F8AF8A561BA5E5CD00FB0BAB /* Info.plist */ = {isa = PBXFileReference; lastKnownFileType = text.plist.xml; path = Info.plist; sourceTree = "<group>"; };
		F8DA7EA71BA62E5100A07409 /* FortunesModel.swift */ = {isa = PBXFileReference; fileEncoding = 4; lastKnownFileType = sourcecode.swift; path = FortunesModel.swift; sourceTree = "<group>"; };
/* End PBXFileReference section */

/* Begin PBXFrameworksBuildPhase section */
		F8AF8A091BA5E5CC00FB0BAB /* Frameworks */ = {
			isa = PBXFrameworksBuildPhase;
			buildActionMask = 2147483647;
			files = (
			);
			runOnlyForDeploymentPostprocessing = 0;
		};
		F8AF8A1D1BA5E5CC00FB0BAB /* Frameworks */ = {
			isa = PBXFrameworksBuildPhase;
			buildActionMask = 2147483647;
			files = (
			);
			runOnlyForDeploymentPostprocessing = 0;
		};
		F8AF8A281BA5E5CC00FB0BAB /* Frameworks */ = {
			isa = PBXFrameworksBuildPhase;
			buildActionMask = 2147483647;
			files = (
			);
			runOnlyForDeploymentPostprocessing = 0;
		};
		F8AF8A401BA5E5CD00FB0BAB /* Frameworks */ = {
			isa = PBXFrameworksBuildPhase;
			buildActionMask = 2147483647;
			files = (
			);
			runOnlyForDeploymentPostprocessing = 0;
		};
/* End PBXFrameworksBuildPhase section */

/* Begin PBXGroup section */
		F8AF8A031BA5E5CC00FB0BAB = {
			isa = PBXGroup;
			children = (
				F8AF8A0E1BA5E5CC00FB0BAB /* FortuneCookie */,
				F8AF8A231BA5E5CC00FB0BAB /* FortuneCookieTests */,
				F8AF8A2E1BA5E5CC00FB0BAB /* FortuneCookieUITests */,
				F8AF8A381BA5E5CD00FB0BAB /* FortuneCookie WatchKit App */,
				F8AF8A471BA5E5CD00FB0BAB /* FortuneCookie WatchKit Extension */,
				F8AF8A0D1BA5E5CC00FB0BAB /* Products */,
			);
			sourceTree = "<group>";
		};
		F8AF8A0D1BA5E5CC00FB0BAB /* Products */ = {
			isa = PBXGroup;
			children = (
				F8AF8A0C1BA5E5CC00FB0BAB /* FortuneCookie.app */,
				F8AF8A201BA5E5CC00FB0BAB /* FortuneCookieTests.xctest */,
				F8AF8A2B1BA5E5CC00FB0BAB /* FortuneCookieUITests.xctest */,
				F8AF8A341BA5E5CC00FB0BAB /* FortuneCookie WatchKit App.app */,
				F8AF8A431BA5E5CD00FB0BAB /* FortuneCookie WatchKit Extension.appex */,
			);
			name = Products;
			sourceTree = "<group>";
		};
		F8AF8A0E1BA5E5CC00FB0BAB /* FortuneCookie */ = {
			isa = PBXGroup;
			children = (
				F86929431BE6DD1400F5A221 /* FortuneCookie.entitlements */,
				F8AF8A0F1BA5E5CC00FB0BAB /* AppDelegate.swift */,
				F8AF8A111BA5E5CC00FB0BAB /* ViewController.swift */,
				F8AF8A131BA5E5CC00FB0BAB /* Main.storyboard */,
				F8AF8A161BA5E5CC00FB0BAB /* Assets.xcassets */,
				F8AF8A181BA5E5CC00FB0BAB /* LaunchScreen.storyboard */,
				F8AF8A1B1BA5E5CC00FB0BAB /* Info.plist */,
			);
			path = FortuneCookie;
			sourceTree = "<group>";
		};
		F8AF8A231BA5E5CC00FB0BAB /* FortuneCookieTests */ = {
			isa = PBXGroup;
			children = (
				F8AF8A241BA5E5CC00FB0BAB /* FortuneCookieTests.swift */,
				F8AF8A261BA5E5CC00FB0BAB /* Info.plist */,
			);
			path = FortuneCookieTests;
			sourceTree = "<group>";
		};
		F8AF8A2E1BA5E5CC00FB0BAB /* FortuneCookieUITests */ = {
			isa = PBXGroup;
			children = (
				F8AF8A2F1BA5E5CC00FB0BAB /* FortuneCookieUITests.swift */,
				F8AF8A311BA5E5CC00FB0BAB /* Info.plist */,
			);
			path = FortuneCookieUITests;
			sourceTree = "<group>";
		};
		F8AF8A381BA5E5CD00FB0BAB /* FortuneCookie WatchKit App */ = {
			isa = PBXGroup;
			children = (
				F8AF8A391BA5E5CD00FB0BAB /* Interface.storyboard */,
				F8AF8A3C1BA5E5CD00FB0BAB /* Assets.xcassets */,
				F8AF8A3E1BA5E5CD00FB0BAB /* Info.plist */,
			);
			path = "FortuneCookie WatchKit App";
			sourceTree = "<group>";
		};
		F8AF8A471BA5E5CD00FB0BAB /* FortuneCookie WatchKit Extension */ = {
			isa = PBXGroup;
			children = (
				F8AF8A4A1BA5E5CD00FB0BAB /* InterfaceController.swift */,
				F8AF8A4C1BA5E5CD00FB0BAB /* ExtensionDelegate.swift */,
				F8AF8A4E1BA5E5CD00FB0BAB /* NotificationController.swift */,
				F8AF8A501BA5E5CD00FB0BAB /* GlanceController.swift */,
				F8AF8A521BA5E5CD00FB0BAB /* ComplicationController.swift */,
				F8AF8A561BA5E5CD00FB0BAB /* Info.plist */,
				F8AF8A481BA5E5CD00FB0BAB /* Supporting Files */,
				F8DA7EA71BA62E5100A07409 /* FortunesModel.swift */,
				F844394C1BDF38890000A2A2 /* FortuneInterfaceController.swift */,
			);
			path = "FortuneCookie WatchKit Extension";
			sourceTree = "<group>";
		};
		F8AF8A481BA5E5CD00FB0BAB /* Supporting Files */ = {
			isa = PBXGroup;
			children = (
				F8AF8A491BA5E5CD00FB0BAB /* PushNotificationPayload.apns */,
			);
			name = "Supporting Files";
			sourceTree = "<group>";
		};
/* End PBXGroup section */

/* Begin PBXNativeTarget section */
		F8AF8A0B1BA5E5CC00FB0BAB /* FortuneCookie */ = {
			isa = PBXNativeTarget;
			buildConfigurationList = F8AF8A611BA5E5CD00FB0BAB /* Build configuration list for PBXNativeTarget "FortuneCookie" */;
			buildPhases = (
				F8AF8A081BA5E5CC00FB0BAB /* Sources */,
				F8AF8A091BA5E5CC00FB0BAB /* Frameworks */,
				F8AF8A0A1BA5E5CC00FB0BAB /* Resources */,
				F8AF8A601BA5E5CD00FB0BAB /* Embed Watch Content */,
			);
			buildRules = (
			);
			dependencies = (
				F8AF8A371BA5E5CC00FB0BAB /* PBXTargetDependency */,
			);
			name = FortuneCookie;
			productName = FortuneCookie;
			productReference = F8AF8A0C1BA5E5CC00FB0BAB /* FortuneCookie.app */;
			productType = "com.apple.product-type.application";
		};
		F8AF8A1F1BA5E5CC00FB0BAB /* FortuneCookieTests */ = {
			isa = PBXNativeTarget;
			buildConfigurationList = F8AF8A641BA5E5CD00FB0BAB /* Build configuration list for PBXNativeTarget "FortuneCookieTests" */;
			buildPhases = (
				F8AF8A1C1BA5E5CC00FB0BAB /* Sources */,
				F8AF8A1D1BA5E5CC00FB0BAB /* Frameworks */,
				F8AF8A1E1BA5E5CC00FB0BAB /* Resources */,
			);
			buildRules = (
			);
			dependencies = (
				F8AF8A221BA5E5CC00FB0BAB /* PBXTargetDependency */,
			);
			name = FortuneCookieTests;
			productName = FortuneCookieTests;
			productReference = F8AF8A201BA5E5CC00FB0BAB /* FortuneCookieTests.xctest */;
			productType = "com.apple.product-type.bundle.unit-test";
		};
		F8AF8A2A1BA5E5CC00FB0BAB /* FortuneCookieUITests */ = {
			isa = PBXNativeTarget;
			buildConfigurationList = F8AF8A671BA5E5CD00FB0BAB /* Build configuration list for PBXNativeTarget "FortuneCookieUITests" */;
			buildPhases = (
				F8AF8A271BA5E5CC00FB0BAB /* Sources */,
				F8AF8A281BA5E5CC00FB0BAB /* Frameworks */,
				F8AF8A291BA5E5CC00FB0BAB /* Resources */,
			);
			buildRules = (
			);
			dependencies = (
				F8AF8A2D1BA5E5CC00FB0BAB /* PBXTargetDependency */,
			);
			name = FortuneCookieUITests;
			productName = FortuneCookieUITests;
			productReference = F8AF8A2B1BA5E5CC00FB0BAB /* FortuneCookieUITests.xctest */;
			productType = "com.apple.product-type.bundle.ui-testing";
		};
		F8AF8A331BA5E5CC00FB0BAB /* FortuneCookie WatchKit App */ = {
			isa = PBXNativeTarget;
			buildConfigurationList = F8AF8A5D1BA5E5CD00FB0BAB /* Build configuration list for PBXNativeTarget "FortuneCookie WatchKit App" */;
			buildPhases = (
				F8AF8A321BA5E5CC00FB0BAB /* Resources */,
				F8AF8A5C1BA5E5CD00FB0BAB /* Embed App Extensions */,
			);
			buildRules = (
			);
			dependencies = (
				F8AF8A461BA5E5CD00FB0BAB /* PBXTargetDependency */,
			);
			name = "FortuneCookie WatchKit App";
			productName = "FortuneCookie WatchKit App";
			productReference = F8AF8A341BA5E5CC00FB0BAB /* FortuneCookie WatchKit App.app */;
			productType = "com.apple.product-type.application.watchapp2";
		};
		F8AF8A421BA5E5CD00FB0BAB /* FortuneCookie WatchKit Extension */ = {
			isa = PBXNativeTarget;
			buildConfigurationList = F8AF8A591BA5E5CD00FB0BAB /* Build configuration list for PBXNativeTarget "FortuneCookie WatchKit Extension" */;
			buildPhases = (
				F8AF8A3F1BA5E5CD00FB0BAB /* Sources */,
				F8AF8A401BA5E5CD00FB0BAB /* Frameworks */,
				F8AF8A411BA5E5CD00FB0BAB /* Resources */,
			);
			buildRules = (
			);
			dependencies = (
			);
			name = "FortuneCookie WatchKit Extension";
			productName = "FortuneCookie WatchKit Extension";
			productReference = F8AF8A431BA5E5CD00FB0BAB /* FortuneCookie WatchKit Extension.appex */;
			productType = "com.apple.product-type.watchkit2-extension";
		};
/* End PBXNativeTarget section */

/* Begin PBXProject section */
		F8AF8A041BA5E5CC00FB0BAB /* Project object */ = {
			isa = PBXProject;
			attributes = {
				LastUpgradeCheck = 0700;
				ORGANIZATIONNAME = "Toms Apps";
				TargetAttributes = {
					F8AF8A0B1BA5E5CC00FB0BAB = {
						CreatedOnToolsVersion = 7.0;
						DevelopmentTeam = 5YFM8BW7RJ;
						SystemCapabilities = {
							com.apple.ApplicationGroups.iOS = {
								enabled = 1;
							};
						};
					};
					F8AF8A1F1BA5E5CC00FB0BAB = {
						CreatedOnToolsVersion = 7.0;
						TestTargetID = F8AF8A0B1BA5E5CC00FB0BAB;
					};
					F8AF8A2A1BA5E5CC00FB0BAB = {
						CreatedOnToolsVersion = 7.0;
						TestTargetID = F8AF8A0B1BA5E5CC00FB0BAB;
					};
					F8AF8A331BA5E5CC00FB0BAB = {
						CreatedOnToolsVersion = 7.0;
					};
					F8AF8A421BA5E5CD00FB0BAB = {
						CreatedOnToolsVersion = 7.0;
					};
				};
			};
			buildConfigurationList = F8AF8A071BA5E5CC00FB0BAB /* Build configuration list for PBXProject "FortuneCookie" */;
			compatibilityVersion = "Xcode 3.2";
			developmentRegion = English;
			hasScannedForEncodings = 0;
			knownRegions = (
				en,
				Base,
			);
			mainGroup = F8AF8A031BA5E5CC00FB0BAB;
			productRefGroup = F8AF8A0D1BA5E5CC00FB0BAB /* Products */;
			projectDirPath = "";
			projectRoot = "";
			targets = (
				F8AF8A0B1BA5E5CC00FB0BAB /* FortuneCookie */,
				F8AF8A1F1BA5E5CC00FB0BAB /* FortuneCookieTests */,
				F8AF8A2A1BA5E5CC00FB0BAB /* FortuneCookieUITests */,
				F8AF8A331BA5E5CC00FB0BAB /* FortuneCookie WatchKit App */,
				F8AF8A421BA5E5CD00FB0BAB /* FortuneCookie WatchKit Extension */,
			);
		};
/* End PBXProject section */

/* Begin PBXResourcesBuildPhase section */
		F8AF8A0A1BA5E5CC00FB0BAB /* Resources */ = {
			isa = PBXResourcesBuildPhase;
			buildActionMask = 2147483647;
			files = (
				F8AF8A1A1BA5E5CC00FB0BAB /* LaunchScreen.storyboard in Resources */,
				F8AF8A171BA5E5CC00FB0BAB /* Assets.xcassets in Resources */,
				F8AF8A151BA5E5CC00FB0BAB /* Main.storyboard in Resources */,
			);
			runOnlyForDeploymentPostprocessing = 0;
		};
		F8AF8A1E1BA5E5CC00FB0BAB /* Resources */ = {
			isa = PBXResourcesBuildPhase;
			buildActionMask = 2147483647;
			files = (
			);
			runOnlyForDeploymentPostprocessing = 0;
		};
		F8AF8A291BA5E5CC00FB0BAB /* Resources */ = {
			isa = PBXResourcesBuildPhase;
			buildActionMask = 2147483647;
			files = (
			);
			runOnlyForDeploymentPostprocessing = 0;
		};
		F8AF8A321BA5E5CC00FB0BAB /* Resources */ = {
			isa = PBXResourcesBuildPhase;
			buildActionMask = 2147483647;
			files = (
				F8AF8A3D1BA5E5CD00FB0BAB /* Assets.xcassets in Resources */,
				F8AF8A3B1BA5E5CD00FB0BAB /* Interface.storyboard in Resources */,
			);
			runOnlyForDeploymentPostprocessing = 0;
		};
		F8AF8A411BA5E5CD00FB0BAB /* Resources */ = {
			isa = PBXResourcesBuildPhase;
			buildActionMask = 2147483647;
			files = (
			);
			runOnlyForDeploymentPostprocessing = 0;
		};
/* End PBXResourcesBuildPhase section */

/* Begin PBXSourcesBuildPhase section */
		F8AF8A081BA5E5CC00FB0BAB /* Sources */ = {
			isa = PBXSourcesBuildPhase;
			buildActionMask = 2147483647;
			files = (
				F8AF8A121BA5E5CC00FB0BAB /* ViewController.swift in Sources */,
				F8AF8A101BA5E5CC00FB0BAB /* AppDelegate.swift in Sources */,
			);
			runOnlyForDeploymentPostprocessing = 0;
		};
		F8AF8A1C1BA5E5CC00FB0BAB /* Sources */ = {
			isa = PBXSourcesBuildPhase;
			buildActionMask = 2147483647;
			files = (
				F8AF8A251BA5E5CC00FB0BAB /* FortuneCookieTests.swift in Sources */,
			);
			runOnlyForDeploymentPostprocessing = 0;
		};
		F8AF8A271BA5E5CC00FB0BAB /* Sources */ = {
			isa = PBXSourcesBuildPhase;
			buildActionMask = 2147483647;
			files = (
				F8AF8A301BA5E5CC00FB0BAB /* FortuneCookieUITests.swift in Sources */,
			);
			runOnlyForDeploymentPostprocessing = 0;
		};
		F8AF8A3F1BA5E5CD00FB0BAB /* Sources */ = {
			isa = PBXSourcesBuildPhase;
			buildActionMask = 2147483647;
			files = (
				F8AF8A4F1BA5E5CD00FB0BAB /* NotificationController.swift in Sources */,
				F844394D1BDF38890000A2A2 /* FortuneInterfaceController.swift in Sources */,
				F8DA7EA81BA62E5100A07409 /* FortunesModel.swift in Sources */,
				F8AF8A4D1BA5E5CD00FB0BAB /* ExtensionDelegate.swift in Sources */,
				F8AF8A531BA5E5CD00FB0BAB /* ComplicationController.swift in Sources */,
				F8AF8A4B1BA5E5CD00FB0BAB /* InterfaceController.swift in Sources */,
				F8AF8A511BA5E5CD00FB0BAB /* GlanceController.swift in Sources */,
			);
			runOnlyForDeploymentPostprocessing = 0;
		};
/* End PBXSourcesBuildPhase section */

/* Begin PBXTargetDependency section */
		F8AF8A221BA5E5CC00FB0BAB /* PBXTargetDependency */ = {
			isa = PBXTargetDependency;
			target = F8AF8A0B1BA5E5CC00FB0BAB /* FortuneCookie */;
			targetProxy = F8AF8A211BA5E5CC00FB0BAB /* PBXContainerItemProxy */;
		};
		F8AF8A2D1BA5E5CC00FB0BAB /* PBXTargetDependency */ = {
			isa = PBXTargetDependency;
			target = F8AF8A0B1BA5E5CC00FB0BAB /* FortuneCookie */;
			targetProxy = F8AF8A2C1BA5E5CC00FB0BAB /* PBXContainerItemProxy */;
		};
		F8AF8A371BA5E5CC00FB0BAB /* PBXTargetDependency */ = {
			isa = PBXTargetDependency;
			target = F8AF8A331BA5E5CC00FB0BAB /* FortuneCookie WatchKit App */;
			targetProxy = F8AF8A361BA5E5CC00FB0BAB /* PBXContainerItemProxy */;
		};
		F8AF8A461BA5E5CD00FB0BAB /* PBXTargetDependency */ = {
			isa = PBXTargetDependency;
			target = F8AF8A421BA5E5CD00FB0BAB /* FortuneCookie WatchKit Extension */;
			targetProxy = F8AF8A451BA5E5CD00FB0BAB /* PBXContainerItemProxy */;
		};
/* End PBXTargetDependency section */

/* Begin PBXVariantGroup section */
		F8AF8A131BA5E5CC00FB0BAB /* Main.storyboard */ = {
			isa = PBXVariantGroup;
			children = (
				F8AF8A141BA5E5CC00FB0BAB /* Base */,
			);
			name = Main.storyboard;
			sourceTree = "<group>";
		};
		F8AF8A181BA5E5CC00FB0BAB /* LaunchScreen.storyboard */ = {
			isa = PBXVariantGroup;
			children = (
				F8AF8A191BA5E5CC00FB0BAB /* Base */,
			);
			name = LaunchScreen.storyboard;
			sourceTree = "<group>";
		};
		F8AF8A391BA5E5CD00FB0BAB /* Interface.storyboard */ = {
			isa = PBXVariantGroup;
			children = (
				F8AF8A3A1BA5E5CD00FB0BAB /* Base */,
			);
			name = Interface.storyboard;
			sourceTree = "<group>";
		};
/* End PBXVariantGroup section */

/* Begin XCBuildConfiguration section */
		F8AF8A571BA5E5CD00FB0BAB /* Debug */ = {
			isa = XCBuildConfiguration;
			buildSettings = {
				ALWAYS_SEARCH_USER_PATHS = NO;
				CLANG_CXX_LANGUAGE_STANDARD = "gnu++0x";
				CLANG_CXX_LIBRARY = "libc++";
				CLANG_ENABLE_MODULES = YES;
				CLANG_ENABLE_OBJC_ARC = YES;
				CLANG_WARN_BOOL_CONVERSION = YES;
				CLANG_WARN_CONSTANT_CONVERSION = YES;
				CLANG_WARN_DIRECT_OBJC_ISA_USAGE = YES_ERROR;
				CLANG_WARN_EMPTY_BODY = YES;
				CLANG_WARN_ENUM_CONVERSION = YES;
				CLANG_WARN_INT_CONVERSION = YES;
				CLANG_WARN_OBJC_ROOT_CLASS = YES_ERROR;
				CLANG_WARN_UNREACHABLE_CODE = YES;
				CLANG_WARN__DUPLICATE_METHOD_MATCH = YES;
				"CODE_SIGN_IDENTITY[sdk=iphoneos*]" = "iPhone Developer";
				COPY_PHASE_STRIP = NO;
				DEBUG_INFORMATION_FORMAT = dwarf;
				ENABLE_STRICT_OBJC_MSGSEND = YES;
				ENABLE_TESTABILITY = YES;
				GCC_C_LANGUAGE_STANDARD = gnu99;
				GCC_DYNAMIC_NO_PIC = NO;
				GCC_NO_COMMON_BLOCKS = YES;
				GCC_OPTIMIZATION_LEVEL = 0;
				GCC_PREPROCESSOR_DEFINITIONS = (
					"DEBUG=1",
					"$(inherited)",
				);
				GCC_WARN_64_TO_32_BIT_CONVERSION = YES;
				GCC_WARN_ABOUT_RETURN_TYPE = YES_ERROR;
				GCC_WARN_UNDECLARED_SELECTOR = YES;
				GCC_WARN_UNINITIALIZED_AUTOS = YES_AGGRESSIVE;
				GCC_WARN_UNUSED_FUNCTION = YES;
				GCC_WARN_UNUSED_VARIABLE = YES;
				IPHONEOS_DEPLOYMENT_TARGET = 9.0;
				MTL_ENABLE_DEBUG_INFO = YES;
				ONLY_ACTIVE_ARCH = YES;
				SDKROOT = iphoneos;
				SWIFT_OPTIMIZATION_LEVEL = "-Onone";
			};
			name = Debug;
		};
		F8AF8A581BA5E5CD00FB0BAB /* Release */ = {
			isa = XCBuildConfiguration;
			buildSettings = {
				ALWAYS_SEARCH_USER_PATHS = NO;
				CLANG_CXX_LANGUAGE_STANDARD = "gnu++0x";
				CLANG_CXX_LIBRARY = "libc++";
				CLANG_ENABLE_MODULES = YES;
				CLANG_ENABLE_OBJC_ARC = YES;
				CLANG_WARN_BOOL_CONVERSION = YES;
				CLANG_WARN_CONSTANT_CONVERSION = YES;
				CLANG_WARN_DIRECT_OBJC_ISA_USAGE = YES_ERROR;
				CLANG_WARN_EMPTY_BODY = YES;
				CLANG_WARN_ENUM_CONVERSION = YES;
				CLANG_WARN_INT_CONVERSION = YES;
				CLANG_WARN_OBJC_ROOT_CLASS = YES_ERROR;
				CLANG_WARN_UNREACHABLE_CODE = YES;
				CLANG_WARN__DUPLICATE_METHOD_MATCH = YES;
				"CODE_SIGN_IDENTITY[sdk=iphoneos*]" = "iPhone Developer";
				COPY_PHASE_STRIP = NO;
				DEBUG_INFORMATION_FORMAT = "dwarf-with-dsym";
				ENABLE_NS_ASSERTIONS = NO;
				ENABLE_STRICT_OBJC_MSGSEND = YES;
				GCC_C_LANGUAGE_STANDARD = gnu99;
				GCC_NO_COMMON_BLOCKS = YES;
				GCC_WARN_64_TO_32_BIT_CONVERSION = YES;
				GCC_WARN_ABOUT_RETURN_TYPE = YES_ERROR;
				GCC_WARN_UNDECLARED_SELECTOR = YES;
				GCC_WARN_UNINITIALIZED_AUTOS = YES_AGGRESSIVE;
				GCC_WARN_UNUSED_FUNCTION = YES;
				GCC_WARN_UNUSED_VARIABLE = YES;
				IPHONEOS_DEPLOYMENT_TARGET = 9.0;
				MTL_ENABLE_DEBUG_INFO = NO;
				SDKROOT = iphoneos;
				VALIDATE_PRODUCT = YES;
			};
			name = Release;
		};
		F8AF8A5A1BA5E5CD00FB0BAB /* Debug */ = {
			isa = XCBuildConfiguration;
			buildSettings = {
				ASSETCATALOG_COMPILER_COMPLICATION_NAME = Complication;
				INFOPLIST_FILE = "FortuneCookie WatchKit Extension/Info.plist";
				LD_RUNPATH_SEARCH_PATHS = "$(inherited) @executable_path/Frameworks @executable_path/../../Frameworks";
				PRODUCT_BUNDLE_IDENTIFIER = com.tomharman.me.FortuneCookie.watchkitapp.watchkitextension;
				PRODUCT_NAME = "${TARGET_NAME}";
				SDKROOT = watchos;
				SKIP_INSTALL = YES;
				TARGETED_DEVICE_FAMILY = 4;
				WATCHOS_DEPLOYMENT_TARGET = 2.0;
			};
			name = Debug;
		};
		F8AF8A5B1BA5E5CD00FB0BAB /* Release */ = {
			isa = XCBuildConfiguration;
			buildSettings = {
				ASSETCATALOG_COMPILER_COMPLICATION_NAME = Complication;
				INFOPLIST_FILE = "FortuneCookie WatchKit Extension/Info.plist";
				LD_RUNPATH_SEARCH_PATHS = "$(inherited) @executable_path/Frameworks @executable_path/../../Frameworks";
				PRODUCT_BUNDLE_IDENTIFIER = com.tomharman.me.FortuneCookie.watchkitapp.watchkitextension;
				PRODUCT_NAME = "${TARGET_NAME}";
				SDKROOT = watchos;
				SKIP_INSTALL = YES;
				TARGETED_DEVICE_FAMILY = 4;
				WATCHOS_DEPLOYMENT_TARGET = 2.0;
			};
			name = Release;
		};
		F8AF8A5E1BA5E5CD00FB0BAB /* Debug */ = {
			isa = XCBuildConfiguration;
			buildSettings = {
				ASSETCATALOG_COMPILER_APPICON_NAME = AppIcon;
				EMBEDDED_CONTENT_CONTAINS_SWIFT = YES;
				IBSC_MODULE = FortuneCookie_WatchKit_Extension;
				INFOPLIST_FILE = "FortuneCookie WatchKit App/Info.plist";
				PRODUCT_BUNDLE_IDENTIFIER = com.tomharman.me.FortuneCookie.watchkitapp;
				PRODUCT_NAME = "$(TARGET_NAME)";
				SDKROOT = watchos;
				SKIP_INSTALL = YES;
				TARGETED_DEVICE_FAMILY = 4;
				WATCHOS_DEPLOYMENT_TARGET = 2.0;
			};
			name = Debug;
		};
		F8AF8A5F1BA5E5CD00FB0BAB /* Release */ = {
			isa = XCBuildConfiguration;
			buildSettings = {
				ASSETCATALOG_COMPILER_APPICON_NAME = AppIcon;
				EMBEDDED_CONTENT_CONTAINS_SWIFT = YES;
				IBSC_MODULE = FortuneCookie_WatchKit_Extension;
				INFOPLIST_FILE = "FortuneCookie WatchKit App/Info.plist";
				PRODUCT_BUNDLE_IDENTIFIER = com.tomharman.me.FortuneCookie.watchkitapp;
				PRODUCT_NAME = "$(TARGET_NAME)";
				SDKROOT = watchos;
				SKIP_INSTALL = YES;
				TARGETED_DEVICE_FAMILY = 4;
				WATCHOS_DEPLOYMENT_TARGET = 2.0;
			};
			name = Release;
		};
		F8AF8A621BA5E5CD00FB0BAB /* Debug */ = {
			isa = XCBuildConfiguration;
			buildSettings = {
				ASSETCATALOG_COMPILER_APPICON_NAME = AppIcon;
				CODE_SIGN_ENTITLEMENTS = FortuneCookie/FortuneCookie.entitlements;
				CODE_SIGN_IDENTITY = "iPhone Developer";
				"CODE_SIGN_IDENTITY[sdk=iphoneos*]" = "iPhone Developer";
				INFOPLIST_FILE = FortuneCookie/Info.plist;
				LD_RUNPATH_SEARCH_PATHS = "$(inherited) @executable_path/Frameworks";
				PRODUCT_BUNDLE_IDENTIFIER = com.tomharman.me.FortuneCookie;
				PRODUCT_NAME = "$(TARGET_NAME)";
				PROVISIONING_PROFILE = "";
				WATCHOS_DEPLOYMENT_TARGET = 2.0;
			};
			name = Debug;
		};
		F8AF8A631BA5E5CD00FB0BAB /* Release */ = {
			isa = XCBuildConfiguration;
			buildSettings = {
				ASSETCATALOG_COMPILER_APPICON_NAME = AppIcon;
				CODE_SIGN_ENTITLEMENTS = FortuneCookie/FortuneCookie.entitlements;
				CODE_SIGN_IDENTITY = "iPhone Developer";
				"CODE_SIGN_IDENTITY[sdk=iphoneos*]" = "iPhone Developer";
				INFOPLIST_FILE = FortuneCookie/Info.plist;
				LD_RUNPATH_SEARCH_PATHS = "$(inherited) @executable_path/Frameworks";
				PRODUCT_BUNDLE_IDENTIFIER = com.tomharman.me.FortuneCookie;
				PRODUCT_NAME = "$(TARGET_NAME)";
				PROVISIONING_PROFILE = "";
				WATCHOS_DEPLOYMENT_TARGET = 2.0;
			};
			name = Release;
		};
		F8AF8A651BA5E5CD00FB0BAB /* Debug */ = {
			isa = XCBuildConfiguration;
			buildSettings = {
				BUNDLE_LOADER = "$(TEST_HOST)";
				INFOPLIST_FILE = FortuneCookieTests/Info.plist;
				LD_RUNPATH_SEARCH_PATHS = "$(inherited) @executable_path/Frameworks @loader_path/Frameworks";
				PRODUCT_BUNDLE_IDENTIFIER = com.tomharman.me.FortuneCookieTests;
				PRODUCT_NAME = "$(TARGET_NAME)";
				TEST_HOST = "$(BUILT_PRODUCTS_DIR)/FortuneCookie.app/FortuneCookie";
			};
			name = Debug;
		};
		F8AF8A661BA5E5CD00FB0BAB /* Release */ = {
			isa = XCBuildConfiguration;
			buildSettings = {
				BUNDLE_LOADER = "$(TEST_HOST)";
				INFOPLIST_FILE = FortuneCookieTests/Info.plist;
				LD_RUNPATH_SEARCH_PATHS = "$(inherited) @executable_path/Frameworks @loader_path/Frameworks";
				PRODUCT_BUNDLE_IDENTIFIER = com.tomharman.me.FortuneCookieTests;
				PRODUCT_NAME = "$(TARGET_NAME)";
				TEST_HOST = "$(BUILT_PRODUCTS_DIR)/FortuneCookie.app/FortuneCookie";
			};
			name = Release;
		};
		F8AF8A681BA5E5CD00FB0BAB /* Debug */ = {
			isa = XCBuildConfiguration;
			buildSettings = {
				INFOPLIST_FILE = FortuneCookieUITests/Info.plist;
				LD_RUNPATH_SEARCH_PATHS = "$(inherited) @executable_path/Frameworks @loader_path/Frameworks";
				PRODUCT_BUNDLE_IDENTIFIER = com.tomharman.me.FortuneCookieUITests;
				PRODUCT_NAME = "$(TARGET_NAME)";
				TEST_TARGET_NAME = FortuneCookie;
				USES_XCTRUNNER = YES;
			};
			name = Debug;
		};
		F8AF8A691BA5E5CD00FB0BAB /* Release */ = {
			isa = XCBuildConfiguration;
			buildSettings = {
				INFOPLIST_FILE = FortuneCookieUITests/Info.plist;
				LD_RUNPATH_SEARCH_PATHS = "$(inherited) @executable_path/Frameworks @loader_path/Frameworks";
				PRODUCT_BUNDLE_IDENTIFIER = com.tomharman.me.FortuneCookieUITests;
				PRODUCT_NAME = "$(TARGET_NAME)";
				TEST_TARGET_NAME = FortuneCookie;
				USES_XCTRUNNER = YES;
			};
			name = Release;
		};
/* End XCBuildConfiguration section */

/* Begin XCConfigurationList section */
		F8AF8A071BA5E5CC00FB0BAB /* Build configuration list for PBXProject "FortuneCookie" */ = {
			isa = XCConfigurationList;
			buildConfigurations = (
				F8AF8A571BA5E5CD00FB0BAB /* Debug */,
				F8AF8A581BA5E5CD00FB0BAB /* Release */,
			);
			defaultConfigurationIsVisible = 0;
			defaultConfigurationName = Release;
		};
		F8AF8A591BA5E5CD00FB0BAB /* Build configuration list for PBXNativeTarget "FortuneCookie WatchKit Extension" */ = {
			isa = XCConfigurationList;
			buildConfigurations = (
				F8AF8A5A1BA5E5CD00FB0BAB /* Debug */,
				F8AF8A5B1BA5E5CD00FB0BAB /* Release */,
			);
			defaultConfigurationIsVisible = 0;
			defaultConfigurationName = Release;
		};
		F8AF8A5D1BA5E5CD00FB0BAB /* Build configuration list for PBXNativeTarget "FortuneCookie WatchKit App" */ = {
			isa = XCConfigurationList;
			buildConfigurations = (
				F8AF8A5E1BA5E5CD00FB0BAB /* Debug */,
				F8AF8A5F1BA5E5CD00FB0BAB /* Release */,
			);
			defaultConfigurationIsVisible = 0;
			defaultConfigurationName = Release;
		};
		F8AF8A611BA5E5CD00FB0BAB /* Build configuration list for PBXNativeTarget "FortuneCookie" */ = {
			isa = XCConfigurationList;
			buildConfigurations = (
				F8AF8A621BA5E5CD00FB0BAB /* Debug */,
				F8AF8A631BA5E5CD00FB0BAB /* Release */,
			);
			defaultConfigurationIsVisible = 0;
			defaultConfigurationName = Release;
		};
		F8AF8A641BA5E5CD00FB0BAB /* Build configuration list for PBXNativeTarget "FortuneCookieTests" */ = {
			isa = XCConfigurationList;
			buildConfigurations = (
				F8AF8A651BA5E5CD00FB0BAB /* Debug */,
				F8AF8A661BA5E5CD00FB0BAB /* Release */,
			);
			defaultConfigurationIsVisible = 0;
			defaultConfigurationName = Release;
		};
		F8AF8A671BA5E5CD00FB0BAB /* Build configuration list for PBXNativeTarget "FortuneCookieUITests" */ = {
			isa = XCConfigurationList;
			buildConfigurations = (
				F8AF8A681BA5E5CD00FB0BAB /* Debug */,
				F8AF8A691BA5E5CD00FB0BAB /* Release */,
			);
			defaultConfigurationIsVisible = 0;
			defaultConfigurationName = Release;
		};
/* End XCConfigurationList section */
	};
	rootObject = F8AF8A041BA5E5CC00FB0BAB /* Project object */;
}
